// !$*UTF8*$!
{
	archiveVersion = 1;
	classes = {
	};
	objectVersion = 56;
	objects = {

/* Begin PBXBuildFile section */
		D1B74D9129D9724500BCCE65 /* AppDelegate.swift in Sources */ = {isa = PBXBuildFile; fileRef = D1B74D9029D9724500BCCE65 /* AppDelegate.swift */; };
		D1B74D9329D9724500BCCE65 /* SceneDelegate.swift in Sources */ = {isa = PBXBuildFile; fileRef = D1B74D9229D9724500BCCE65 /* SceneDelegate.swift */; };
		D1B74D9A29D9724700BCCE65 /* Assets.xcassets in Resources */ = {isa = PBXBuildFile; fileRef = D1B74D9929D9724700BCCE65 /* Assets.xcassets */; };
		D1B74D9D29D9724700BCCE65 /* LaunchScreen.storyboard in Resources */ = {isa = PBXBuildFile; fileRef = D1B74D9B29D9724700BCCE65 /* LaunchScreen.storyboard */; };
		D1B74DA729D979BF00BCCE65 /* HomeViewController.swift in Sources */ = {isa = PBXBuildFile; fileRef = D1B74DA629D979BF00BCCE65 /* HomeViewController.swift */; };
		D1B74DAB29D97B4D00BCCE65 /* FavoriteViewController.swift in Sources */ = {isa = PBXBuildFile; fileRef = D1B74DAA29D97B4D00BCCE65 /* FavoriteViewController.swift */; };
		D1B74DAD29D97B7400BCCE65 /* CartViewController.swift in Sources */ = {isa = PBXBuildFile; fileRef = D1B74DAC29D97B7400BCCE65 /* CartViewController.swift */; };
		D1B74DAF29D98AC500BCCE65 /* OrdersViewController.swift in Sources */ = {isa = PBXBuildFile; fileRef = D1B74DAE29D98AC500BCCE65 /* OrdersViewController.swift */; };
		D1B74DB629DAEEB200BCCE65 /* DitailViewController.swift in Sources */ = {isa = PBXBuildFile; fileRef = D1B74DB529DAEEB200BCCE65 /* DitailViewController.swift */; };
		D1B74DB829DAF32E00BCCE65 /* ProductTableViewCell.swift in Sources */ = {isa = PBXBuildFile; fileRef = D1B74DB729DAF32E00BCCE65 /* ProductTableViewCell.swift */; };
		D1B74DBB29DAF44800BCCE65 /* Products.swift in Sources */ = {isa = PBXBuildFile; fileRef = D1B74DBA29DAF44800BCCE65 /* Products.swift */; };
		D1B74DBE29DB781B00BCCE65 /* Color.swift in Sources */ = {isa = PBXBuildFile; fileRef = D1B74DBD29DB781B00BCCE65 /* Color.swift */; };
		F19B629C53F1A778A254F9E0 /* Pods_finalTask.framework in Frameworks */ = {isa = PBXBuildFile; fileRef = DA6F00C0F4C7AF4583E2F8B6 /* Pods_finalTask.framework */; };
/* End PBXBuildFile section */

/* Begin PBXFileReference section */
		246FE6C5AF534D4A35CB8A0E /* Pods-finalTask.debug.xcconfig */ = {isa = PBXFileReference; includeInIndex = 1; lastKnownFileType = text.xcconfig; name = "Pods-finalTask.debug.xcconfig"; path = "Target Support Files/Pods-finalTask/Pods-finalTask.debug.xcconfig"; sourceTree = "<group>"; };
		439B99B307B291BAED8C6B4D /* Pods-finalTask.release.xcconfig */ = {isa = PBXFileReference; includeInIndex = 1; lastKnownFileType = text.xcconfig; name = "Pods-finalTask.release.xcconfig"; path = "Target Support Files/Pods-finalTask/Pods-finalTask.release.xcconfig"; sourceTree = "<group>"; };
		D1B74D8D29D9724500BCCE65 /* finalTask.app */ = {isa = PBXFileReference; explicitFileType = wrapper.application; includeInIndex = 0; path = finalTask.app; sourceTree = BUILT_PRODUCTS_DIR; };
		D1B74D9029D9724500BCCE65 /* AppDelegate.swift */ = {isa = PBXFileReference; lastKnownFileType = sourcecode.swift; path = AppDelegate.swift; sourceTree = "<group>"; };
		D1B74D9229D9724500BCCE65 /* SceneDelegate.swift */ = {isa = PBXFileReference; lastKnownFileType = sourcecode.swift; path = SceneDelegate.swift; sourceTree = "<group>"; };
		D1B74D9929D9724700BCCE65 /* Assets.xcassets */ = {isa = PBXFileReference; lastKnownFileType = folder.assetcatalog; path = Assets.xcassets; sourceTree = "<group>"; };
		D1B74D9C29D9724700BCCE65 /* Base */ = {isa = PBXFileReference; lastKnownFileType = file.storyboard; name = Base; path = Base.lproj/LaunchScreen.storyboard; sourceTree = "<group>"; };
		D1B74D9E29D9724700BCCE65 /* Info.plist */ = {isa = PBXFileReference; lastKnownFileType = text.plist.xml; path = Info.plist; sourceTree = "<group>"; };
		D1B74DA629D979BF00BCCE65 /* HomeViewController.swift */ = {isa = PBXFileReference; lastKnownFileType = sourcecode.swift; path = HomeViewController.swift; sourceTree = "<group>"; };
		D1B74DAA29D97B4D00BCCE65 /* FavoriteViewController.swift */ = {isa = PBXFileReference; lastKnownFileType = sourcecode.swift; path = FavoriteViewController.swift; sourceTree = "<group>"; };
		D1B74DAC29D97B7400BCCE65 /* CartViewController.swift */ = {isa = PBXFileReference; lastKnownFileType = sourcecode.swift; path = CartViewController.swift; sourceTree = "<group>"; };
		D1B74DAE29D98AC500BCCE65 /* OrdersViewController.swift */ = {isa = PBXFileReference; lastKnownFileType = sourcecode.swift; path = OrdersViewController.swift; sourceTree = "<group>"; };
		D1B74DB529DAEEB200BCCE65 /* DitailViewController.swift */ = {isa = PBXFileReference; lastKnownFileType = sourcecode.swift; path = DitailViewController.swift; sourceTree = "<group>"; };
		D1B74DB729DAF32E00BCCE65 /* ProductTableViewCell.swift */ = {isa = PBXFileReference; lastKnownFileType = sourcecode.swift; path = ProductTableViewCell.swift; sourceTree = "<group>"; };
		D1B74DBA29DAF44800BCCE65 /* Products.swift */ = {isa = PBXFileReference; lastKnownFileType = sourcecode.swift; path = Products.swift; sourceTree = "<group>"; };
		D1B74DBD29DB781B00BCCE65 /* Color.swift */ = {isa = PBXFileReference; lastKnownFileType = sourcecode.swift; path = Color.swift; sourceTree = "<group>"; };
		DA6F00C0F4C7AF4583E2F8B6 /* Pods_finalTask.framework */ = {isa = PBXFileReference; explicitFileType = wrapper.framework; includeInIndex = 0; path = Pods_finalTask.framework; sourceTree = BUILT_PRODUCTS_DIR; };
/* End PBXFileReference section */

/* Begin PBXFrameworksBuildPhase section */
		D1B74D8A29D9724500BCCE65 /* Frameworks */ = {
			isa = PBXFrameworksBuildPhase;
			buildActionMask = 2147483647;
			files = (
				F19B629C53F1A778A254F9E0 /* Pods_finalTask.framework in Frameworks */,
			);
			runOnlyForDeploymentPostprocessing = 0;
		};
/* End PBXFrameworksBuildPhase section */

/* Begin PBXGroup section */
		ACC53924FF77961117A4D5C7 /* Pods */ = {
			isa = PBXGroup;
			children = (
				246FE6C5AF534D4A35CB8A0E /* Pods-finalTask.debug.xcconfig */,
				439B99B307B291BAED8C6B4D /* Pods-finalTask.release.xcconfig */,
			);
			path = Pods;
			sourceTree = "<group>";
		};
		D1B74D8429D9724500BCCE65 = {
			isa = PBXGroup;
			children = (
				D1B74D8F29D9724500BCCE65 /* finalTask */,
				D1B74D8E29D9724500BCCE65 /* Products */,
				ACC53924FF77961117A4D5C7 /* Pods */,
				F77C41A783263A0214539FA5 /* Frameworks */,
			);
			sourceTree = "<group>";
		};
		D1B74D8E29D9724500BCCE65 /* Products */ = {
			isa = PBXGroup;
			children = (
				D1B74D8D29D9724500BCCE65 /* finalTask.app */,
			);
			name = Products;
			sourceTree = "<group>";
		};
		D1B74D8F29D9724500BCCE65 /* finalTask */ = {
			isa = PBXGroup;
			children = (
				D1B74DBC29DB780400BCCE65 /* Utils */,
				D1B74DB929DAF41400BCCE65 /* Product */,
				D1B74DA529D9799400BCCE65 /* Controllers */,
				D1B74DA429D9797500BCCE65 /* AppDelegate */,
				D1B74D9929D9724700BCCE65 /* Assets.xcassets */,
				D1B74D9B29D9724700BCCE65 /* LaunchScreen.storyboard */,
				D1B74D9E29D9724700BCCE65 /* Info.plist */,
			);
			path = finalTask;
			sourceTree = "<group>";
		};
		D1B74DA429D9797500BCCE65 /* AppDelegate */ = {
			isa = PBXGroup;
			children = (
				D1B74D9029D9724500BCCE65 /* AppDelegate.swift */,
				D1B74D9229D9724500BCCE65 /* SceneDelegate.swift */,
			);
			path = AppDelegate;
			sourceTree = "<group>";
		};
		D1B74DA529D9799400BCCE65 /* Controllers */ = {
			isa = PBXGroup;
			children = (
				D1B74DA629D979BF00BCCE65 /* HomeViewController.swift */,
				D1B74DAA29D97B4D00BCCE65 /* FavoriteViewController.swift */,
				D1B74DAC29D97B7400BCCE65 /* CartViewController.swift */,
				D1B74DAE29D98AC500BCCE65 /* OrdersViewController.swift */,
			);
			path = Controllers;
			sourceTree = "<group>";
		};
		D1B74DB929DAF41400BCCE65 /* Product */ = {
			isa = PBXGroup;
			children = (
				D1B74DB529DAEEB200BCCE65 /* DitailViewController.swift */,
				D1B74DB729DAF32E00BCCE65 /* ProductTableViewCell.swift */,
				D1B74DBA29DAF44800BCCE65 /* Products.swift */,
			);
			path = Product;
			sourceTree = "<group>";
		};
		D1B74DBC29DB780400BCCE65 /* Utils */ = {
			isa = PBXGroup;
			children = (
				D1B74DBD29DB781B00BCCE65 /* Color.swift */,
			);
			path = Utils;
			sourceTree = "<group>";
		};
		F77C41A783263A0214539FA5 /* Frameworks */ = {
			isa = PBXGroup;
			children = (
				DA6F00C0F4C7AF4583E2F8B6 /* Pods_finalTask.framework */,
			);
			name = Frameworks;
			sourceTree = "<group>";
		};
/* End PBXGroup section */

/* Begin PBXNativeTarget section */
		D1B74D8C29D9724500BCCE65 /* finalTask */ = {
			isa = PBXNativeTarget;
			buildConfigurationList = D1B74DA129D9724700BCCE65 /* Build configuration list for PBXNativeTarget "finalTask" */;
			buildPhases = (
				D83E01D4071AD581A27FFB92 /* [CP] Check Pods Manifest.lock */,
				D1B74D8929D9724500BCCE65 /* Sources */,
				D1B74D8A29D9724500BCCE65 /* Frameworks */,
				D1B74D8B29D9724500BCCE65 /* Resources */,
				68F0AA414F53AA1EABA2EDCF /* [CP] Embed Pods Frameworks */,
			);
			buildRules = (
			);
			dependencies = (
			);
			name = finalTask;
			productName = finalTask;
			productReference = D1B74D8D29D9724500BCCE65 /* finalTask.app */;
			productType = "com.apple.product-type.application";
		};
/* End PBXNativeTarget section */

/* Begin PBXProject section */
		D1B74D8529D9724500BCCE65 /* Project object */ = {
			isa = PBXProject;
			attributes = {
				BuildIndependentTargetsInParallel = 1;
				LastSwiftUpdateCheck = 1430;
				LastUpgradeCheck = 1430;
				TargetAttributes = {
					D1B74D8C29D9724500BCCE65 = {
						CreatedOnToolsVersion = 14.3;
					};
				};
			};
			buildConfigurationList = D1B74D8829D9724500BCCE65 /* Build configuration list for PBXProject "finalTask" */;
			compatibilityVersion = "Xcode 14.0";
			developmentRegion = en;
			hasScannedForEncodings = 0;
			knownRegions = (
				en,
				Base,
			);
			mainGroup = D1B74D8429D9724500BCCE65;
			productRefGroup = D1B74D8E29D9724500BCCE65 /* Products */;
			projectDirPath = "";
			projectRoot = "";
			targets = (
				D1B74D8C29D9724500BCCE65 /* finalTask */,
			);
		};
/* End PBXProject section */

/* Begin PBXResourcesBuildPhase section */
		D1B74D8B29D9724500BCCE65 /* Resources */ = {
			isa = PBXResourcesBuildPhase;
			buildActionMask = 2147483647;
			files = (
				D1B74D9D29D9724700BCCE65 /* LaunchScreen.storyboard in Resources */,
				D1B74D9A29D9724700BCCE65 /* Assets.xcassets in Resources */,
			);
			runOnlyForDeploymentPostprocessing = 0;
		};
/* End PBXResourcesBuildPhase section */

/* Begin PBXShellScriptBuildPhase section */
		68F0AA414F53AA1EABA2EDCF /* [CP] Embed Pods Frameworks */ = {
			isa = PBXShellScriptBuildPhase;
			buildActionMask = 2147483647;
			files = (
			);
			inputFileListPaths = (
				"${PODS_ROOT}/Target Support Files/Pods-finalTask/Pods-finalTask-frameworks-${CONFIGURATION}-input-files.xcfilelist",
			);
			name = "[CP] Embed Pods Frameworks";
			outputFileListPaths = (
				"${PODS_ROOT}/Target Support Files/Pods-finalTask/Pods-finalTask-frameworks-${CONFIGURATION}-output-files.xcfilelist",
			);
			runOnlyForDeploymentPostprocessing = 0;
			shellPath = /bin/sh;
			shellScript = "\"${PODS_ROOT}/Target Support Files/Pods-finalTask/Pods-finalTask-frameworks.sh\"\n";
			showEnvVarsInLog = 0;
		};
		D83E01D4071AD581A27FFB92 /* [CP] Check Pods Manifest.lock */ = {
			isa = PBXShellScriptBuildPhase;
			buildActionMask = 2147483647;
			files = (
			);
			inputFileListPaths = (
			);
			inputPaths = (
				"${PODS_PODFILE_DIR_PATH}/Podfile.lock",
				"${PODS_ROOT}/Manifest.lock",
			);
			name = "[CP] Check Pods Manifest.lock";
			outputFileListPaths = (
			);
			outputPaths = (
				"$(DERIVED_FILE_DIR)/Pods-finalTask-checkManifestLockResult.txt",
			);
			runOnlyForDeploymentPostprocessing = 0;
			shellPath = /bin/sh;
			shellScript = "diff \"${PODS_PODFILE_DIR_PATH}/Podfile.lock\" \"${PODS_ROOT}/Manifest.lock\" > /dev/null\nif [ $? != 0 ] ; then\n    # print error to STDERR\n    echo \"error: The sandbox is not in sync with the Podfile.lock. Run 'pod install' or update your CocoaPods installation.\" >&2\n    exit 1\nfi\n# This output is used by Xcode 'outputs' to avoid re-running this script phase.\necho \"SUCCESS\" > \"${SCRIPT_OUTPUT_FILE_0}\"\n";
			showEnvVarsInLog = 0;
		};
/* End PBXShellScriptBuildPhase section */

/* Begin PBXSourcesBuildPhase section */
		D1B74D8929D9724500BCCE65 /* Sources */ = {
			isa = PBXSourcesBuildPhase;
			buildActionMask = 2147483647;
			files = (
				D1B74D9129D9724500BCCE65 /* AppDelegate.swift in Sources */,
				D1B74DB829DAF32E00BCCE65 /* ProductTableViewCell.swift in Sources */,
				D1B74DAF29D98AC500BCCE65 /* OrdersViewController.swift in Sources */,
				D1B74DBE29DB781B00BCCE65 /* Color.swift in Sources */,
				D1B74D9329D9724500BCCE65 /* SceneDelegate.swift in Sources */,
				D1B74DB629DAEEB200BCCE65 /* DitailViewController.swift in Sources */,
				D1B74DAD29D97B7400BCCE65 /* CartViewController.swift in Sources */,
				D1B74DAB29D97B4D00BCCE65 /* FavoriteViewController.swift in Sources */,
				D1B74DA729D979BF00BCCE65 /* HomeViewController.swift in Sources */,
				D1B74DBB29DAF44800BCCE65 /* Products.swift in Sources */,
			);
			runOnlyForDeploymentPostprocessing = 0;
		};
/* End PBXSourcesBuildPhase section */

/* Begin PBXVariantGroup section */
		D1B74D9B29D9724700BCCE65 /* LaunchScreen.storyboard */ = {
			isa = PBXVariantGroup;
			children = (
				D1B74D9C29D9724700BCCE65 /* Base */,
			);
			name = LaunchScreen.storyboard;
			sourceTree = "<group>";
		};
/* End PBXVariantGroup section */

/* Begin XCBuildConfiguration section */
		D1B74D9F29D9724700BCCE65 /* Debug */ = {
			isa = XCBuildConfiguration;
			buildSettings = {
				ALWAYS_SEARCH_USER_PATHS = NO;
				CLANG_ANALYZER_NONNULL = YES;
				CLANG_ANALYZER_NUMBER_OBJECT_CONVERSION = YES_AGGRESSIVE;
				CLANG_CXX_LANGUAGE_STANDARD = "gnu++20";
				CLANG_ENABLE_MODULES = YES;
				CLANG_ENABLE_OBJC_ARC = YES;
				CLANG_ENABLE_OBJC_WEAK = YES;
				CLANG_WARN_BLOCK_CAPTURE_AUTORELEASING = YES;
				CLANG_WARN_BOOL_CONVERSION = YES;
				CLANG_WARN_COMMA = YES;
				CLANG_WARN_CONSTANT_CONVERSION = YES;
				CLANG_WARN_DEPRECATED_OBJC_IMPLEMENTATIONS = YES;
				CLANG_WARN_DIRECT_OBJC_ISA_USAGE = YES_ERROR;
				CLANG_WARN_DOCUMENTATION_COMMENTS = YES;
				CLANG_WARN_EMPTY_BODY = YES;
				CLANG_WARN_ENUM_CONVERSION = YES;
				CLANG_WARN_INFINITE_RECURSION = YES;
				CLANG_WARN_INT_CONVERSION = YES;
				CLANG_WARN_NON_LITERAL_NULL_CONVERSION = YES;
				CLANG_WARN_OBJC_IMPLICIT_RETAIN_SELF = YES;
				CLANG_WARN_OBJC_LITERAL_CONVERSION = YES;
				CLANG_WARN_OBJC_ROOT_CLASS = YES_ERROR;
				CLANG_WARN_QUOTED_INCLUDE_IN_FRAMEWORK_HEADER = YES;
				CLANG_WARN_RANGE_LOOP_ANALYSIS = YES;
				CLANG_WARN_STRICT_PROTOTYPES = YES;
				CLANG_WARN_SUSPICIOUS_MOVE = YES;
				CLANG_WARN_UNGUARDED_AVAILABILITY = YES_AGGRESSIVE;
				CLANG_WARN_UNREACHABLE_CODE = YES;
				CLANG_WARN__DUPLICATE_METHOD_MATCH = YES;
				COPY_PHASE_STRIP = NO;
				DEBUG_INFORMATION_FORMAT = dwarf;
				ENABLE_STRICT_OBJC_MSGSEND = YES;
				ENABLE_TESTABILITY = YES;
				GCC_C_LANGUAGE_STANDARD = gnu11;
				GCC_DYNAMIC_NO_PIC = NO;
				GCC_NO_COMMON_BLOCKS = YES;
				GCC_OPTIMIZATION_LEVEL = 0;
				GCC_PREPROCESSOR_DEFINITIONS = (
					"DEBUG=1",
					"$(inherited)",
				);
				GCC_WARN_64_TO_32_BIT_CONVERSION = YES;
				GCC_WARN_ABOUT_RETURN_TYPE = YES_ERROR;
				GCC_WARN_UNDECLARED_SELECTOR = YES;
				GCC_WARN_UNINITIALIZED_AUTOS = YES_AGGRESSIVE;
				GCC_WARN_UNUSED_FUNCTION = YES;
				GCC_WARN_UNUSED_VARIABLE = YES;
				IPHONEOS_DEPLOYMENT_TARGET = 16.4;
				MTL_ENABLE_DEBUG_INFO = INCLUDE_SOURCE;
				MTL_FAST_MATH = YES;
				ONLY_ACTIVE_ARCH = YES;
				SDKROOT = iphoneos;
				SWIFT_ACTIVE_COMPILATION_CONDITIONS = DEBUG;
				SWIFT_OPTIMIZATION_LEVEL = "-Onone";
			};
			name = Debug;
		};
		D1B74DA029D9724700BCCE65 /* Release */ = {
			isa = XCBuildConfiguration;
			buildSettings = {
				ALWAYS_SEARCH_USER_PATHS = NO;
				CLANG_ANALYZER_NONNULL = YES;
				CLANG_ANALYZER_NUMBER_OBJECT_CONVERSION = YES_AGGRESSIVE;
				CLANG_CXX_LANGUAGE_STANDARD = "gnu++20";
				CLANG_ENABLE_MODULES = YES;
				CLANG_ENABLE_OBJC_ARC = YES;
				CLANG_ENABLE_OBJC_WEAK = YES;
				CLANG_WARN_BLOCK_CAPTURE_AUTORELEASING = YES;
				CLANG_WARN_BOOL_CONVERSION = YES;
				CLANG_WARN_COMMA = YES;
				CLANG_WARN_CONSTANT_CONVERSION = YES;
				CLANG_WARN_DEPRECATED_OBJC_IMPLEMENTATIONS = YES;
				CLANG_WARN_DIRECT_OBJC_ISA_USAGE = YES_ERROR;
				CLANG_WARN_DOCUMENTATION_COMMENTS = YES;
				CLANG_WARN_EMPTY_BODY = YES;
				CLANG_WARN_ENUM_CONVERSION = YES;
				CLANG_WARN_INFINITE_RECURSION = YES;
				CLANG_WARN_INT_CONVERSION = YES;
				CLANG_WARN_NON_LITERAL_NULL_CONVERSION = YES;
				CLANG_WARN_OBJC_IMPLICIT_RETAIN_SELF = YES;
				CLANG_WARN_OBJC_LITERAL_CONVERSION = YES;
				CLANG_WARN_OBJC_ROOT_CLASS = YES_ERROR;
				CLANG_WARN_QUOTED_INCLUDE_IN_FRAMEWORK_HEADER = YES;
				CLANG_WARN_RANGE_LOOP_ANALYSIS = YES;
				CLANG_WARN_STRICT_PROTOTYPES = YES;
				CLANG_WARN_SUSPICIOUS_MOVE = YES;
				CLANG_WARN_UNGUARDED_AVAILABILITY = YES_AGGRESSIVE;
				CLANG_WARN_UNREACHABLE_CODE = YES;
				CLANG_WARN__DUPLICATE_METHOD_MATCH = YES;
				COPY_PHASE_STRIP = NO;
				DEBUG_INFORMATION_FORMAT = "dwarf-with-dsym";
				ENABLE_NS_ASSERTIONS = NO;
				ENABLE_STRICT_OBJC_MSGSEND = YES;
				GCC_C_LANGUAGE_STANDARD = gnu11;
				GCC_NO_COMMON_BLOCKS = YES;
				GCC_WARN_64_TO_32_BIT_CONVERSION = YES;
				GCC_WARN_ABOUT_RETURN_TYPE = YES_ERROR;
				GCC_WARN_UNDECLARED_SELECTOR = YES;
				GCC_WARN_UNINITIALIZED_AUTOS = YES_AGGRESSIVE;
				GCC_WARN_UNUSED_FUNCTION = YES;
				GCC_WARN_UNUSED_VARIABLE = YES;
				IPHONEOS_DEPLOYMENT_TARGET = 16.4;
				MTL_ENABLE_DEBUG_INFO = NO;
				MTL_FAST_MATH = YES;
				SDKROOT = iphoneos;
				SWIFT_COMPILATION_MODE = wholemodule;
				SWIFT_OPTIMIZATION_LEVEL = "-O";
				VALIDATE_PRODUCT = YES;
			};
			name = Release;
		};
		D1B74DA229D9724700BCCE65 /* Debug */ = {
			isa = XCBuildConfiguration;
			baseConfigurationReference = 246FE6C5AF534D4A35CB8A0E /* Pods-finalTask.debug.xcconfig */;
			buildSettings = {
				ASSETCATALOG_COMPILER_APPICON_NAME = AppIcon;
				ASSETCATALOG_COMPILER_GLOBAL_ACCENT_COLOR_NAME = AccentColor;
				CODE_SIGN_STYLE = Automatic;
				CURRENT_PROJECT_VERSION = 1;
				GENERATE_INFOPLIST_FILE = YES;
				INFOPLIST_FILE = finalTask/Info.plist;
				INFOPLIST_KEY_UIApplicationSupportsIndirectInputEvents = YES;
				INFOPLIST_KEY_UILaunchStoryboardName = LaunchScreen;
				INFOPLIST_KEY_UISupportedInterfaceOrientations_iPad = "UIInterfaceOrientationPortrait UIInterfaceOrientationPortraitUpsideDown UIInterfaceOrientationLandscapeLeft UIInterfaceOrientationLandscapeRight";
				INFOPLIST_KEY_UISupportedInterfaceOrientations_iPhone = "UIInterfaceOrientationPortrait UIInterfaceOrientationLandscapeLeft UIInterfaceOrientationLandscapeRight";
				LD_RUNPATH_SEARCH_PATHS = (
					"$(inherited)",
					"@executable_path/Frameworks",
				);
				MARKETING_VERSION = 1.0;
				PRODUCT_BUNDLE_IDENTIFIER = swe.finalTask;
				PRODUCT_NAME = "$(TARGET_NAME)";
				SWIFT_EMIT_LOC_STRINGS = YES;
				SWIFT_VERSION = 5.0;
				TARGETED_DEVICE_FAMILY = "1,2";
			};
			name = Debug;
		};
		D1B74DA329D9724700BCCE65 /* Release */ = {
			isa = XCBuildConfiguration;
			baseConfigurationReference = 439B99B307B291BAED8C6B4D /* Pods-finalTask.release.xcconfig */;
			buildSettings = {
				ASSETCATALOG_COMPILER_APPICON_NAME = AppIcon;
				ASSETCATALOG_COMPILER_GLOBAL_ACCENT_COLOR_NAME = AccentColor;
				CODE_SIGN_STYLE = Automatic;
				CURRENT_PROJECT_VERSION = 1;
				GENERATE_INFOPLIST_FILE = YES;
				INFOPLIST_FILE = finalTask/Info.plist;
				INFOPLIST_KEY_UIApplicationSupportsIndirectInputEvents = YES;
				INFOPLIST_KEY_UILaunchStoryboardName = LaunchScreen;
				INFOPLIST_KEY_UISupportedInterfaceOrientations_iPad = "UIInterfaceOrientationPortrait UIInterfaceOrientationPortraitUpsideDown UIInterfaceOrientationLandscapeLeft UIInterfaceOrientationLandscapeRight";
				INFOPLIST_KEY_UISupportedInterfaceOrientations_iPhone = "UIInterfaceOrientationPortrait UIInterfaceOrientationLandscapeLeft UIInterfaceOrientationLandscapeRight";
				LD_RUNPATH_SEARCH_PATHS = (
					"$(inherited)",
					"@executable_path/Frameworks",
				);
				MARKETING_VERSION = 1.0;
				PRODUCT_BUNDLE_IDENTIFIER = swe.finalTask;
				PRODUCT_NAME = "$(TARGET_NAME)";
				SWIFT_EMIT_LOC_STRINGS = YES;
				SWIFT_VERSION = 5.0;
				TARGETED_DEVICE_FAMILY = "1,2";
			};
			name = Release;
		};
/* End XCBuildConfiguration section */

/* Begin XCConfigurationList section */
		D1B74D8829D9724500BCCE65 /* Build configuration list for PBXProject "finalTask" */ = {
			isa = XCConfigurationList;
			buildConfigurations = (
				D1B74D9F29D9724700BCCE65 /* Debug */,
				D1B74DA029D9724700BCCE65 /* Release */,
			);
			defaultConfigurationIsVisible = 0;
			defaultConfigurationName = Release;
		};
		D1B74DA129D9724700BCCE65 /* Build configuration list for PBXNativeTarget "finalTask" */ = {
			isa = XCConfigurationList;
			buildConfigurations = (
				D1B74DA229D9724700BCCE65 /* Debug */,
				D1B74DA329D9724700BCCE65 /* Release */,
			);
			defaultConfigurationIsVisible = 0;
			defaultConfigurationName = Release;
		};
/* End XCConfigurationList section */
	};
	rootObject = D1B74D8529D9724500BCCE65 /* Project object */;
}
